
Microsoft Visual Studio Solution File, Format Version 12.00
# Visual Studio Version 17
VisualStudioVersion = 17.0.31903.59
MinimumVisualStudioVersion = 10.0.40219.1
Project("{FAE04EC0-301F-11D3-BF4B-00C04F79EFBC}") = "EldenRingAutoFPSUnlocker", "EldenRingAutoFPSUnlocker\EldenRingAutoFPSUnlocker.csproj", "{50AF2A48-19BD-4863-9309-6E4ECBB5592A}"
EndProject
Global
	GlobalSection(SolutionConfigurationPlatforms) = preSolution
		Debug|Any CPU = Debug|Any CPU
		Release|Any CPU = Release|Any CPU
	EndGlobalSection
	GlobalSection(SolutionProperties) = preSolution
		HideSolutionNode = FALSE
	EndGlobalSection
	GlobalSection(ProjectConfigurationPlatforms) = postSolution
		{50AF2A48-19BD-4863-9309-6E4ECBB5592A}.Debug|Any CPU.ActiveCfg = Debug|Any CPU
		{50AF2A48-19BD-4863-9309-6E4ECBB5592A}.Debug|Any CPU.Build.0 = Debug|Any CPU
		{50AF2A48-19BD-4863-9309-6E4ECBB5592A}.Release|Any CPU.ActiveCfg = Release|Any CPU
		{50AF2A48-19BD-4863-9309-6E4ECBB5592A}.Release|Any CPU.Build.0 = Release|Any CPU
	EndGlobalSection
EndGlobal
